
Microsoft Visual Studio Solution File, Format Version 12.00
# Visual Studio Version 17
VisualStudioVersion = 17.12.35527.113 d17.12
MinimumVisualStudioVersion = 10.0.40219.1
Project("{FAE04EC0-301F-11D3-BF4B-00C04F79EFBC}") = "Yf.Cake.Layers", "src\Yf.Cake.Layers\Yf.Cake.Layers.csproj", "{324F9696-F3AB-44B8-9CBF-599C806C5EC9}"
EndProject
Global
	GlobalSection(SolutionConfigurationPlatforms) = preSolution
		Debug|Any CPU = Debug|Any CPU
		Release|Any CPU = Release|Any CPU
	EndGlobalSection
	GlobalSection(ProjectConfigurationPlatforms) = postSolution
		{324F9696-F3AB-44B8-9CBF-599C806C5EC9}.Debug|Any CPU.ActiveCfg = Debug|Any CPU
		{324F9696-F3AB-44B8-9CBF-599C806C5EC9}.Debug|Any CPU.Build.0 = Debug|Any CPU
		{324F9696-F3AB-44B8-9CBF-599C806C5EC9}.Release|Any CPU.ActiveCfg = Release|Any CPU
		{324F9696-F3AB-44B8-9CBF-599C806C5EC9}.Release|Any CPU.Build.0 = Release|Any CPU
	EndGlobalSection
	GlobalSection(SolutionProperties) = preSolution
		HideSolutionNode = FALSE
	EndGlobalSection
EndGlobal
